
Microsoft Visual Studio Solution File, Format Version 12.00
# Visual Studio Version 17
VisualStudioVersion = 17.8.34316.72
MinimumVisualStudioVersion = 10.0.40219.1
Project("{FAE04EC0-301F-11D3-BF4B-00C04F79EFBC}") = "homeworkQueue", "homeworkQueue.csproj", "{B1924866-B5B5-4D31-A44E-B470DAE877EF}"
EndProject
Global
	GlobalSection(SolutionConfigurationPlatforms) = preSolution
		Debug|Any CPU = Debug|Any CPU
		Release|Any CPU = Release|Any CPU
	EndGlobalSection
	GlobalSection(ProjectConfigurationPlatforms) = postSolution
		{B1924866-B5B5-4D31-A44E-B470DAE877EF}.Debug|Any CPU.ActiveCfg = Debug|Any CPU
		{B1924866-B5B5-4D31-A44E-B470DAE877EF}.Debug|Any CPU.Build.0 = Debug|Any CPU
		{B1924866-B5B5-4D31-A44E-B470DAE877EF}.Release|Any CPU.ActiveCfg = Release|Any CPU
		{B1924866-B5B5-4D31-A44E-B470DAE877EF}.Release|Any CPU.Build.0 = Release|Any CPU
	EndGlobalSection
	GlobalSection(SolutionProperties) = preSolution
		HideSolutionNode = FALSE
	EndGlobalSection
	GlobalSection(ExtensibilityGlobals) = postSolution
		SolutionGuid = {54F8A3BC-B043-4DA5-9B6A-3CE6D870DDA1}
	EndGlobalSection
EndGlobal
